// !$*UTF8*$!
{
	archiveVersion = 1;
	classes = {
	};
	objectVersion = 50;
	objects = {

/* Begin PBXBuildFile section */
		AA3C4A9E2133EDFC00A18A72 /* WBVisitorView.swift in Sources */ = {isa = PBXBuildFile; fileRef = AA3C4A9D2133EDFC00A18A72 /* WBVisitorView.swift */; };
		AAD9F2A9213278D4000F2E6C /* AppDelegate.swift in Sources */ = {isa = PBXBuildFile; fileRef = AAD9F2A8213278D4000F2E6C /* AppDelegate.swift */; };
		AAD9F2AE213278D4000F2E6C /* Main.storyboard in Resources */ = {isa = PBXBuildFile; fileRef = AAD9F2AC213278D4000F2E6C /* Main.storyboard */; };
		AAD9F2B0213278DD000F2E6C /* Assets.xcassets in Resources */ = {isa = PBXBuildFile; fileRef = AAD9F2AF213278DD000F2E6C /* Assets.xcassets */; };
		AAD9F2B3213278DD000F2E6C /* LaunchScreen.storyboard in Resources */ = {isa = PBXBuildFile; fileRef = AAD9F2B1213278DD000F2E6C /* LaunchScreen.storyboard */; };
		AAD9F2BE213278DD000F2E6C /* WeiboDemoTests.swift in Sources */ = {isa = PBXBuildFile; fileRef = AAD9F2BD213278DD000F2E6C /* WeiboDemoTests.swift */; };
		AAD9F2C9213278DD000F2E6C /* WeiboDemoUITests.swift in Sources */ = {isa = PBXBuildFile; fileRef = AAD9F2C8213278DD000F2E6C /* WeiboDemoUITests.swift */; };
		AAD9F2E221327CA5000F2E6C /* WBMainViewController.swift in Sources */ = {isa = PBXBuildFile; fileRef = AAD9F2E121327CA5000F2E6C /* WBMainViewController.swift */; };
		AAD9F2E421327CD5000F2E6C /* WBNavigationController.swift in Sources */ = {isa = PBXBuildFile; fileRef = AAD9F2E321327CD5000F2E6C /* WBNavigationController.swift */; };
		AAD9F2E621327D02000F2E6C /* WBBaseViewController.swift in Sources */ = {isa = PBXBuildFile; fileRef = AAD9F2E521327D02000F2E6C /* WBBaseViewController.swift */; };
		AAD9F2E821327D38000F2E6C /* WBHomeViewController.swift in Sources */ = {isa = PBXBuildFile; fileRef = AAD9F2E721327D38000F2E6C /* WBHomeViewController.swift */; };
		AAD9F2EA21327D46000F2E6C /* WBMessageViewController.swift in Sources */ = {isa = PBXBuildFile; fileRef = AAD9F2E921327D46000F2E6C /* WBMessageViewController.swift */; };
		AAD9F2EC21327D5D000F2E6C /* WBDiscoverViewController.swift in Sources */ = {isa = PBXBuildFile; fileRef = AAD9F2EB21327D5D000F2E6C /* WBDiscoverViewController.swift */; };
		AAD9F2EE21327D68000F2E6C /* WBProfileViewController.swift in Sources */ = {isa = PBXBuildFile; fileRef = AAD9F2ED21327D68000F2E6C /* WBProfileViewController.swift */; };
		AAD9F2F021327ED5000F2E6C /* Bundle+Extension.swift in Sources */ = {isa = PBXBuildFile; fileRef = AAD9F2EF21327ED5000F2E6C /* Bundle+Extension.swift */; };
		AAD9F2F421329C35000F2E6C /* WBDemoViewController.swift in Sources */ = {isa = PBXBuildFile; fileRef = AAD9F2F321329C35000F2E6C /* WBDemoViewController.swift */; };
		AAD9F2F62132A774000F2E6C /* UIBarButtonItem+Extension.swift in Sources */ = {isa = PBXBuildFile; fileRef = AAD9F2F52132A774000F2E6C /* UIBarButtonItem+Extension.swift */; };
		AAD9F2F82132AA10000F2E6C /* UIColor+Extension.swift in Sources */ = {isa = PBXBuildFile; fileRef = AAD9F2F72132AA10000F2E6C /* UIColor+Extension.swift */; };
		AAD9F2FC2132AEB6000F2E6C /* WBCustomNavigationBar.swift in Sources */ = {isa = PBXBuildFile; fileRef = AAD9F2FB2132AEB6000F2E6C /* WBCustomNavigationBar.swift */; };
/* End PBXBuildFile section */

/* Begin PBXContainerItemProxy section */
		AAD9F2BA213278DD000F2E6C /* PBXContainerItemProxy */ = {
			isa = PBXContainerItemProxy;
			containerPortal = AAD9F29D213278D4000F2E6C /* Project object */;
			proxyType = 1;
			remoteGlobalIDString = AAD9F2A4213278D4000F2E6C;
			remoteInfo = WeiboDemo;
		};
		AAD9F2C5213278DD000F2E6C /* PBXContainerItemProxy */ = {
			isa = PBXContainerItemProxy;
			containerPortal = AAD9F29D213278D4000F2E6C /* Project object */;
			proxyType = 1;
			remoteGlobalIDString = AAD9F2A4213278D4000F2E6C;
			remoteInfo = WeiboDemo;
		};
/* End PBXContainerItemProxy section */

/* Begin PBXFileReference section */
		AA3C4A9D2133EDFC00A18A72 /* WBVisitorView.swift */ = {isa = PBXFileReference; lastKnownFileType = sourcecode.swift; path = WBVisitorView.swift; sourceTree = "<group>"; };
		AAD9F2A5213278D4000F2E6C /* WeiboDemo.app */ = {isa = PBXFileReference; explicitFileType = wrapper.application; includeInIndex = 0; path = WeiboDemo.app; sourceTree = BUILT_PRODUCTS_DIR; };
		AAD9F2A8213278D4000F2E6C /* AppDelegate.swift */ = {isa = PBXFileReference; lastKnownFileType = sourcecode.swift; path = AppDelegate.swift; sourceTree = "<group>"; };
		AAD9F2AD213278D4000F2E6C /* Base */ = {isa = PBXFileReference; lastKnownFileType = file.storyboard; name = Base; path = Base.lproj/Main.storyboard; sourceTree = "<group>"; };
		AAD9F2AF213278DD000F2E6C /* Assets.xcassets */ = {isa = PBXFileReference; lastKnownFileType = folder.assetcatalog; path = Assets.xcassets; sourceTree = "<group>"; };
		AAD9F2B2213278DD000F2E6C /* Base */ = {isa = PBXFileReference; lastKnownFileType = file.storyboard; name = Base; path = Base.lproj/LaunchScreen.storyboard; sourceTree = "<group>"; };
		AAD9F2B4213278DD000F2E6C /* Info.plist */ = {isa = PBXFileReference; lastKnownFileType = text.plist.xml; path = Info.plist; sourceTree = "<group>"; };
		AAD9F2B9213278DD000F2E6C /* WeiboDemoTests.xctest */ = {isa = PBXFileReference; explicitFileType = wrapper.cfbundle; includeInIndex = 0; path = WeiboDemoTests.xctest; sourceTree = BUILT_PRODUCTS_DIR; };
		AAD9F2BD213278DD000F2E6C /* WeiboDemoTests.swift */ = {isa = PBXFileReference; lastKnownFileType = sourcecode.swift; path = WeiboDemoTests.swift; sourceTree = "<group>"; };
		AAD9F2BF213278DD000F2E6C /* Info.plist */ = {isa = PBXFileReference; lastKnownFileType = text.plist.xml; path = Info.plist; sourceTree = "<group>"; };
		AAD9F2C4213278DD000F2E6C /* WeiboDemoUITests.xctest */ = {isa = PBXFileReference; explicitFileType = wrapper.cfbundle; includeInIndex = 0; path = WeiboDemoUITests.xctest; sourceTree = BUILT_PRODUCTS_DIR; };
		AAD9F2C8213278DD000F2E6C /* WeiboDemoUITests.swift */ = {isa = PBXFileReference; lastKnownFileType = sourcecode.swift; path = WeiboDemoUITests.swift; sourceTree = "<group>"; };
		AAD9F2CA213278DD000F2E6C /* Info.plist */ = {isa = PBXFileReference; lastKnownFileType = text.plist.xml; path = Info.plist; sourceTree = "<group>"; };
		AAD9F2E121327CA5000F2E6C /* WBMainViewController.swift */ = {isa = PBXFileReference; lastKnownFileType = sourcecode.swift; path = WBMainViewController.swift; sourceTree = "<group>"; };
		AAD9F2E321327CD5000F2E6C /* WBNavigationController.swift */ = {isa = PBXFileReference; lastKnownFileType = sourcecode.swift; path = WBNavigationController.swift; sourceTree = "<group>"; };
		AAD9F2E521327D02000F2E6C /* WBBaseViewController.swift */ = {isa = PBXFileReference; lastKnownFileType = sourcecode.swift; path = WBBaseViewController.swift; sourceTree = "<group>"; };
		AAD9F2E721327D38000F2E6C /* WBHomeViewController.swift */ = {isa = PBXFileReference; lastKnownFileType = sourcecode.swift; path = WBHomeViewController.swift; sourceTree = "<group>"; };
		AAD9F2E921327D46000F2E6C /* WBMessageViewController.swift */ = {isa = PBXFileReference; lastKnownFileType = sourcecode.swift; path = WBMessageViewController.swift; sourceTree = "<group>"; };
		AAD9F2EB21327D5D000F2E6C /* WBDiscoverViewController.swift */ = {isa = PBXFileReference; lastKnownFileType = sourcecode.swift; path = WBDiscoverViewController.swift; sourceTree = "<group>"; };
		AAD9F2ED21327D68000F2E6C /* WBProfileViewController.swift */ = {isa = PBXFileReference; lastKnownFileType = sourcecode.swift; path = WBProfileViewController.swift; sourceTree = "<group>"; };
		AAD9F2EF21327ED5000F2E6C /* Bundle+Extension.swift */ = {isa = PBXFileReference; lastKnownFileType = sourcecode.swift; path = "Bundle+Extension.swift"; sourceTree = "<group>"; };
		AAD9F2F321329C35000F2E6C /* WBDemoViewController.swift */ = {isa = PBXFileReference; lastKnownFileType = sourcecode.swift; path = WBDemoViewController.swift; sourceTree = "<group>"; };
		AAD9F2F52132A774000F2E6C /* UIBarButtonItem+Extension.swift */ = {isa = PBXFileReference; lastKnownFileType = sourcecode.swift; path = "UIBarButtonItem+Extension.swift"; sourceTree = "<group>"; };
		AAD9F2F72132AA10000F2E6C /* UIColor+Extension.swift */ = {isa = PBXFileReference; lastKnownFileType = sourcecode.swift; path = "UIColor+Extension.swift"; sourceTree = "<group>"; };
		AAD9F2FB2132AEB6000F2E6C /* WBCustomNavigationBar.swift */ = {isa = PBXFileReference; lastKnownFileType = sourcecode.swift; path = WBCustomNavigationBar.swift; sourceTree = "<group>"; };
/* End PBXFileReference section */

/* Begin PBXFrameworksBuildPhase section */
		AAD9F2A2213278D4000F2E6C /* Frameworks */ = {
			isa = PBXFrameworksBuildPhase;
			buildActionMask = 2147483647;
			files = (
			);
			runOnlyForDeploymentPostprocessing = 0;
		};
		AAD9F2B6213278DD000F2E6C /* Frameworks */ = {
			isa = PBXFrameworksBuildPhase;
			buildActionMask = 2147483647;
			files = (
			);
			runOnlyForDeploymentPostprocessing = 0;
		};
		AAD9F2C1213278DD000F2E6C /* Frameworks */ = {
			isa = PBXFrameworksBuildPhase;
			buildActionMask = 2147483647;
			files = (
			);
			runOnlyForDeploymentPostprocessing = 0;
		};
/* End PBXFrameworksBuildPhase section */

/* Begin PBXGroup section */
		AA3C4A9C2133ED9E00A18A72 /* VisitorView */ = {
			isa = PBXGroup;
			children = (
				AA3C4A9D2133EDFC00A18A72 /* WBVisitorView.swift */,
			);
			path = VisitorView;
			sourceTree = "<group>";
		};
		AAD9F29C213278D4000F2E6C = {
			isa = PBXGroup;
			children = (
				AAD9F2A7213278D4000F2E6C /* WeiboDemo */,
				AAD9F2BC213278DD000F2E6C /* WeiboDemoTests */,
				AAD9F2C7213278DD000F2E6C /* WeiboDemoUITests */,
				AAD9F2A6213278D4000F2E6C /* Products */,
			);
			sourceTree = "<group>";
		};
		AAD9F2A6213278D4000F2E6C /* Products */ = {
			isa = PBXGroup;
			children = (
				AAD9F2A5213278D4000F2E6C /* WeiboDemo.app */,
				AAD9F2B9213278DD000F2E6C /* WeiboDemoTests.xctest */,
				AAD9F2C4213278DD000F2E6C /* WeiboDemoUITests.xctest */,
			);
			name = Products;
			sourceTree = "<group>";
		};
		AAD9F2A7213278D4000F2E6C /* WeiboDemo */ = {
			isa = PBXGroup;
			children = (
				AAD9F2D621327ADF000F2E6C /* Model */,
				AAD9F2D821327AF8000F2E6C /* View */,
				AAD9F2D921327AFE000F2E6C /* ViewModel */,
				AAD9F2DA21327B08000F2E6C /* Tools */,
				AAD9F2A8213278D4000F2E6C /* AppDelegate.swift */,
				AAD9F2AC213278D4000F2E6C /* Main.storyboard */,
				AAD9F2AF213278DD000F2E6C /* Assets.xcassets */,
				AAD9F2B1213278DD000F2E6C /* LaunchScreen.storyboard */,
				AAD9F2B4213278DD000F2E6C /* Info.plist */,
			);
			path = WeiboDemo;
			sourceTree = "<group>";
		};
		AAD9F2BC213278DD000F2E6C /* WeiboDemoTests */ = {
			isa = PBXGroup;
			children = (
				AAD9F2BD213278DD000F2E6C /* WeiboDemoTests.swift */,
				AAD9F2BF213278DD000F2E6C /* Info.plist */,
			);
			path = WeiboDemoTests;
			sourceTree = "<group>";
		};
		AAD9F2C7213278DD000F2E6C /* WeiboDemoUITests */ = {
			isa = PBXGroup;
			children = (
				AAD9F2C8213278DD000F2E6C /* WeiboDemoUITests.swift */,
				AAD9F2CA213278DD000F2E6C /* Info.plist */,
			);
			path = WeiboDemoUITests;
			sourceTree = "<group>";
		};
		AAD9F2D621327ADF000F2E6C /* Model */ = {
			isa = PBXGroup;
			children = (
			);
			path = Model;
			sourceTree = "<group>";
		};
		AAD9F2D821327AF8000F2E6C /* View */ = {
			isa = PBXGroup;
			children = (
				AAD9F2DC21327B70000F2E6C /* Main */,
				AA3C4A9C2133ED9E00A18A72 /* VisitorView */,
				AAD9F2DD21327B78000F2E6C /* Home */,
				AAD9F2DE21327B7F000F2E6C /* Message */,
				AAD9F2DF21327B87000F2E6C /* Discover */,
				AAD9F2E021327B8D000F2E6C /* Profile */,
			);
			path = View;
			sourceTree = "<group>";
		};
		AAD9F2D921327AFE000F2E6C /* ViewModel */ = {
			isa = PBXGroup;
			children = (
			);
			path = ViewModel;
			sourceTree = "<group>";
		};
		AAD9F2DA21327B08000F2E6C /* Tools */ = {
			isa = PBXGroup;
			children = (
				AAD9F2DB21327B35000F2E6C /* Extensions */,
			);
			path = Tools;
			sourceTree = "<group>";
		};
		AAD9F2DB21327B35000F2E6C /* Extensions */ = {
			isa = PBXGroup;
			children = (
				AAD9F2EF21327ED5000F2E6C /* Bundle+Extension.swift */,
				AAD9F2F72132AA10000F2E6C /* UIColor+Extension.swift */,
				AAD9F2F52132A774000F2E6C /* UIBarButtonItem+Extension.swift */,
			);
			path = Extensions;
			sourceTree = "<group>";
		};
		AAD9F2DC21327B70000F2E6C /* Main */ = {
			isa = PBXGroup;
			children = (
				AAD9F2F221329BF0000F2E6C /* Test */,
				AAD9F2FD21338FDB000F2E6C /* MainController */,
				AAD9F2E521327D02000F2E6C /* WBBaseViewController.swift */,
			);
			path = Main;
			sourceTree = "<group>";
		};
		AAD9F2DD21327B78000F2E6C /* Home */ = {
			isa = PBXGroup;
			children = (
				AAD9F2E721327D38000F2E6C /* WBHomeViewController.swift */,
			);
			path = Home;
			sourceTree = "<group>";
		};
		AAD9F2DE21327B7F000F2E6C /* Message */ = {
			isa = PBXGroup;
			children = (
				AAD9F2E921327D46000F2E6C /* WBMessageViewController.swift */,
			);
			path = Message;
			sourceTree = "<group>";
		};
		AAD9F2DF21327B87000F2E6C /* Discover */ = {
			isa = PBXGroup;
			children = (
				AAD9F2EB21327D5D000F2E6C /* WBDiscoverViewController.swift */,
			);
			path = Discover;
			sourceTree = "<group>";
		};
		AAD9F2E021327B8D000F2E6C /* Profile */ = {
			isa = PBXGroup;
			children = (
				AAD9F2ED21327D68000F2E6C /* WBProfileViewController.swift */,
			);
			path = Profile;
			sourceTree = "<group>";
		};
		AAD9F2F221329BF0000F2E6C /* Test */ = {
			isa = PBXGroup;
			children = (
				AAD9F2F321329C35000F2E6C /* WBDemoViewController.swift */,
			);
			path = Test;
			sourceTree = "<group>";
		};
		AAD9F2FD21338FDB000F2E6C /* MainController */ = {
			isa = PBXGroup;
			children = (
				AAD9F2E121327CA5000F2E6C /* WBMainViewController.swift */,
				AAD9F2E321327CD5000F2E6C /* WBNavigationController.swift */,
				AAD9F2FB2132AEB6000F2E6C /* WBCustomNavigationBar.swift */,
			);
			path = MainController;
			sourceTree = "<group>";
		};
/* End PBXGroup section */

/* Begin PBXNativeTarget section */
		AAD9F2A4213278D4000F2E6C /* WeiboDemo */ = {
			isa = PBXNativeTarget;
			buildConfigurationList = AAD9F2CD213278DD000F2E6C /* Build configuration list for PBXNativeTarget "WeiboDemo" */;
			buildPhases = (
				AAD9F2A1213278D4000F2E6C /* Sources */,
				AAD9F2A2213278D4000F2E6C /* Frameworks */,
				AAD9F2A3213278D4000F2E6C /* Resources */,
			);
			buildRules = (
			);
			dependencies = (
			);
			name = WeiboDemo;
			productName = WeiboDemo;
			productReference = AAD9F2A5213278D4000F2E6C /* WeiboDemo.app */;
			productType = "com.apple.product-type.application";
		};
		AAD9F2B8213278DD000F2E6C /* WeiboDemoTests */ = {
			isa = PBXNativeTarget;
			buildConfigurationList = AAD9F2D0213278DD000F2E6C /* Build configuration list for PBXNativeTarget "WeiboDemoTests" */;
			buildPhases = (
				AAD9F2B5213278DD000F2E6C /* Sources */,
				AAD9F2B6213278DD000F2E6C /* Frameworks */,
				AAD9F2B7213278DD000F2E6C /* Resources */,
			);
			buildRules = (
			);
			dependencies = (
				AAD9F2BB213278DD000F2E6C /* PBXTargetDependency */,
			);
			name = WeiboDemoTests;
			productName = WeiboDemoTests;
			productReference = AAD9F2B9213278DD000F2E6C /* WeiboDemoTests.xctest */;
			productType = "com.apple.product-type.bundle.unit-test";
		};
		AAD9F2C3213278DD000F2E6C /* WeiboDemoUITests */ = {
			isa = PBXNativeTarget;
			buildConfigurationList = AAD9F2D3213278DD000F2E6C /* Build configuration list for PBXNativeTarget "WeiboDemoUITests" */;
			buildPhases = (
				AAD9F2C0213278DD000F2E6C /* Sources */,
				AAD9F2C1213278DD000F2E6C /* Frameworks */,
				AAD9F2C2213278DD000F2E6C /* Resources */,
			);
			buildRules = (
			);
			dependencies = (
				AAD9F2C6213278DD000F2E6C /* PBXTargetDependency */,
			);
			name = WeiboDemoUITests;
			productName = WeiboDemoUITests;
			productReference = AAD9F2C4213278DD000F2E6C /* WeiboDemoUITests.xctest */;
			productType = "com.apple.product-type.bundle.ui-testing";
		};
/* End PBXNativeTarget section */

/* Begin PBXProject section */
		AAD9F29D213278D4000F2E6C /* Project object */ = {
			isa = PBXProject;
			attributes = {
				CLASSPREFIX = WB;
				LastSwiftUpdateCheck = 0940;
				LastUpgradeCheck = 0940;
				ORGANIZATIONNAME = "黄君伟";
				TargetAttributes = {
					AAD9F2A4213278D4000F2E6C = {
						CreatedOnToolsVersion = 9.4.1;
					};
					AAD9F2B8213278DD000F2E6C = {
						CreatedOnToolsVersion = 9.4.1;
						TestTargetID = AAD9F2A4213278D4000F2E6C;
					};
					AAD9F2C3213278DD000F2E6C = {
						CreatedOnToolsVersion = 9.4.1;
						TestTargetID = AAD9F2A4213278D4000F2E6C;
					};
				};
			};
			buildConfigurationList = AAD9F2A0213278D4000F2E6C /* Build configuration list for PBXProject "WeiboDemo" */;
			compatibilityVersion = "Xcode 9.3";
			developmentRegion = en;
			hasScannedForEncodings = 0;
			knownRegions = (
				en,
				Base,
			);
			mainGroup = AAD9F29C213278D4000F2E6C;
			productRefGroup = AAD9F2A6213278D4000F2E6C /* Products */;
			projectDirPath = "";
			projectRoot = "";
			targets = (
				AAD9F2A4213278D4000F2E6C /* WeiboDemo */,
				AAD9F2B8213278DD000F2E6C /* WeiboDemoTests */,
				AAD9F2C3213278DD000F2E6C /* WeiboDemoUITests */,
			);
		};
/* End PBXProject section */

/* Begin PBXResourcesBuildPhase section */
		AAD9F2A3213278D4000F2E6C /* Resources */ = {
			isa = PBXResourcesBuildPhase;
			buildActionMask = 2147483647;
			files = (
				AAD9F2B3213278DD000F2E6C /* LaunchScreen.storyboard in Resources */,
				AAD9F2B0213278DD000F2E6C /* Assets.xcassets in Resources */,
				AAD9F2AE213278D4000F2E6C /* Main.storyboard in Resources */,
			);
			runOnlyForDeploymentPostprocessing = 0;
		};
		AAD9F2B7213278DD000F2E6C /* Resources */ = {
			isa = PBXResourcesBuildPhase;
			buildActionMask = 2147483647;
			files = (
			);
			runOnlyForDeploymentPostprocessing = 0;
		};
		AAD9F2C2213278DD000F2E6C /* Resources */ = {
			isa = PBXResourcesBuildPhase;
			buildActionMask = 2147483647;
			files = (
			);
			runOnlyForDeploymentPostprocessing = 0;
		};
/* End PBXResourcesBuildPhase section */

/* Begin PBXSourcesBuildPhase section */
		AAD9F2A1213278D4000F2E6C /* Sources */ = {
			isa = PBXSourcesBuildPhase;
			buildActionMask = 2147483647;
			files = (
				AAD9F2EC21327D5D000F2E6C /* WBDiscoverViewController.swift in Sources */,
				AAD9F2F021327ED5000F2E6C /* Bundle+Extension.swift in Sources */,
				AAD9F2F421329C35000F2E6C /* WBDemoViewController.swift in Sources */,
				AAD9F2F82132AA10000F2E6C /* UIColor+Extension.swift in Sources */,
				AAD9F2E421327CD5000F2E6C /* WBNavigationController.swift in Sources */,
				AAD9F2EA21327D46000F2E6C /* WBMessageViewController.swift in Sources */,
				AA3C4A9E2133EDFC00A18A72 /* WBVisitorView.swift in Sources */,
				AAD9F2FC2132AEB6000F2E6C /* WBCustomNavigationBar.swift in Sources */,
				AAD9F2F62132A774000F2E6C /* UIBarButtonItem+Extension.swift in Sources */,
				AAD9F2EE21327D68000F2E6C /* WBProfileViewController.swift in Sources */,
				AAD9F2E821327D38000F2E6C /* WBHomeViewController.swift in Sources */,
				AAD9F2A9213278D4000F2E6C /* AppDelegate.swift in Sources */,
				AAD9F2E221327CA5000F2E6C /* WBMainViewController.swift in Sources */,
				AAD9F2E621327D02000F2E6C /* WBBaseViewController.swift in Sources */,
			);
			runOnlyForDeploymentPostprocessing = 0;
		};
		AAD9F2B5213278DD000F2E6C /* Sources */ = {
			isa = PBXSourcesBuildPhase;
			buildActionMask = 2147483647;
			files = (
				AAD9F2BE213278DD000F2E6C /* WeiboDemoTests.swift in Sources */,
			);
			runOnlyForDeploymentPostprocessing = 0;
		};
		AAD9F2C0213278DD000F2E6C /* Sources */ = {
			isa = PBXSourcesBuildPhase;
			buildActionMask = 2147483647;
			files = (
				AAD9F2C9213278DD000F2E6C /* WeiboDemoUITests.swift in Sources */,
			);
			runOnlyForDeploymentPostprocessing = 0;
		};
/* End PBXSourcesBuildPhase section */

/* Begin PBXTargetDependency section */
		AAD9F2BB213278DD000F2E6C /* PBXTargetDependency */ = {
			isa = PBXTargetDependency;
			target = AAD9F2A4213278D4000F2E6C /* WeiboDemo */;
			targetProxy = AAD9F2BA213278DD000F2E6C /* PBXContainerItemProxy */;
		};
		AAD9F2C6213278DD000F2E6C /* PBXTargetDependency */ = {
			isa = PBXTargetDependency;
			target = AAD9F2A4213278D4000F2E6C /* WeiboDemo */;
			targetProxy = AAD9F2C5213278DD000F2E6C /* PBXContainerItemProxy */;
		};
/* End PBXTargetDependency section */

/* Begin PBXVariantGroup section */
		AAD9F2AC213278D4000F2E6C /* Main.storyboard */ = {
			isa = PBXVariantGroup;
			children = (
				AAD9F2AD213278D4000F2E6C /* Base */,
			);
			name = Main.storyboard;
			sourceTree = "<group>";
		};
		AAD9F2B1213278DD000F2E6C /* LaunchScreen.storyboard */ = {
			isa = PBXVariantGroup;
			children = (
				AAD9F2B2213278DD000F2E6C /* Base */,
			);
			name = LaunchScreen.storyboard;
			sourceTree = "<group>";
		};
/* End PBXVariantGroup section */

/* Begin XCBuildConfiguration section */
		AAD9F2CB213278DD000F2E6C /* Debug */ = {
			isa = XCBuildConfiguration;
			buildSettings = {
				ALWAYS_SEARCH_USER_PATHS = NO;
				CLANG_ANALYZER_NONNULL = YES;
				CLANG_ANALYZER_NUMBER_OBJECT_CONVERSION = YES_AGGRESSIVE;
				CLANG_CXX_LANGUAGE_STANDARD = "gnu++14";
				CLANG_CXX_LIBRARY = "libc++";
				CLANG_ENABLE_MODULES = YES;
				CLANG_ENABLE_OBJC_ARC = YES;
				CLANG_ENABLE_OBJC_WEAK = YES;
				CLANG_WARN_BLOCK_CAPTURE_AUTORELEASING = YES;
				CLANG_WARN_BOOL_CONVERSION = YES;
				CLANG_WARN_COMMA = YES;
				CLANG_WARN_CONSTANT_CONVERSION = YES;
				CLANG_WARN_DEPRECATED_OBJC_IMPLEMENTATIONS = YES;
				CLANG_WARN_DIRECT_OBJC_ISA_USAGE = YES_ERROR;
				CLANG_WARN_DOCUMENTATION_COMMENTS = YES;
				CLANG_WARN_EMPTY_BODY = YES;
				CLANG_WARN_ENUM_CONVERSION = YES;
				CLANG_WARN_INFINITE_RECURSION = YES;
				CLANG_WARN_INT_CONVERSION = YES;
				CLANG_WARN_NON_LITERAL_NULL_CONVERSION = YES;
				CLANG_WARN_OBJC_IMPLICIT_RETAIN_SELF = YES;
				CLANG_WARN_OBJC_LITERAL_CONVERSION = YES;
				CLANG_WARN_OBJC_ROOT_CLASS = YES_ERROR;
				CLANG_WARN_RANGE_LOOP_ANALYSIS = YES;
				CLANG_WARN_STRICT_PROTOTYPES = YES;
				CLANG_WARN_SUSPICIOUS_MOVE = YES;
				CLANG_WARN_UNGUARDED_AVAILABILITY = YES_AGGRESSIVE;
				CLANG_WARN_UNREACHABLE_CODE = YES;
				CLANG_WARN__DUPLICATE_METHOD_MATCH = YES;
				CODE_SIGN_IDENTITY = "iPhone Developer";
				COPY_PHASE_STRIP = NO;
				DEBUG_INFORMATION_FORMAT = dwarf;
				ENABLE_STRICT_OBJC_MSGSEND = YES;
				ENABLE_TESTABILITY = YES;
				GCC_C_LANGUAGE_STANDARD = gnu11;
				GCC_DYNAMIC_NO_PIC = NO;
				GCC_NO_COMMON_BLOCKS = YES;
				GCC_OPTIMIZATION_LEVEL = 0;
				GCC_PREPROCESSOR_DEFINITIONS = (
					"DEBUG=1",
					"$(inherited)",
				);
				GCC_WARN_64_TO_32_BIT_CONVERSION = YES;
				GCC_WARN_ABOUT_RETURN_TYPE = YES_ERROR;
				GCC_WARN_UNDECLARED_SELECTOR = YES;
				GCC_WARN_UNINITIALIZED_AUTOS = YES_AGGRESSIVE;
				GCC_WARN_UNUSED_FUNCTION = YES;
				GCC_WARN_UNUSED_VARIABLE = YES;
				IPHONEOS_DEPLOYMENT_TARGET = 11.4;
				MTL_ENABLE_DEBUG_INFO = YES;
				ONLY_ACTIVE_ARCH = YES;
				SDKROOT = iphoneos;
				SWIFT_ACTIVE_COMPILATION_CONDITIONS = DEBUG;
				SWIFT_OPTIMIZATION_LEVEL = "-Onone";
			};
			name = Debug;
		};
		AAD9F2CC213278DD000F2E6C /* Release */ = {
			isa = XCBuildConfiguration;
			buildSettings = {
				ALWAYS_SEARCH_USER_PATHS = NO;
				CLANG_ANALYZER_NONNULL = YES;
				CLANG_ANALYZER_NUMBER_OBJECT_CONVERSION = YES_AGGRESSIVE;
				CLANG_CXX_LANGUAGE_STANDARD = "gnu++14";
				CLANG_CXX_LIBRARY = "libc++";
				CLANG_ENABLE_MODULES = YES;
				CLANG_ENABLE_OBJC_ARC = YES;
				CLANG_ENABLE_OBJC_WEAK = YES;
				CLANG_WARN_BLOCK_CAPTURE_AUTORELEASING = YES;
				CLANG_WARN_BOOL_CONVERSION = YES;
				CLANG_WARN_COMMA = YES;
				CLANG_WARN_CONSTANT_CONVERSION = YES;
				CLANG_WARN_DEPRECATED_OBJC_IMPLEMENTATIONS = YES;
				CLANG_WARN_DIRECT_OBJC_ISA_USAGE = YES_ERROR;
				CLANG_WARN_DOCUMENTATION_COMMENTS = YES;
				CLANG_WARN_EMPTY_BODY = YES;
				CLANG_WARN_ENUM_CONVERSION = YES;
				CLANG_WARN_INFINITE_RECURSION = YES;
				CLANG_WARN_INT_CONVERSION = YES;
				CLANG_WARN_NON_LITERAL_NULL_CONVERSION = YES;
				CLANG_WARN_OBJC_IMPLICIT_RETAIN_SELF = YES;
				CLANG_WARN_OBJC_LITERAL_CONVERSION = YES;
				CLANG_WARN_OBJC_ROOT_CLASS = YES_ERROR;
				CLANG_WARN_RANGE_LOOP_ANALYSIS = YES;
				CLANG_WARN_STRICT_PROTOTYPES = YES;
				CLANG_WARN_SUSPICIOUS_MOVE = YES;
				CLANG_WARN_UNGUARDED_AVAILABILITY = YES_AGGRESSIVE;
				CLANG_WARN_UNREACHABLE_CODE = YES;
				CLANG_WARN__DUPLICATE_METHOD_MATCH = YES;
				CODE_SIGN_IDENTITY = "iPhone Developer";
				COPY_PHASE_STRIP = NO;
				DEBUG_INFORMATION_FORMAT = "dwarf-with-dsym";
				ENABLE_NS_ASSERTIONS = NO;
				ENABLE_STRICT_OBJC_MSGSEND = YES;
				GCC_C_LANGUAGE_STANDARD = gnu11;
				GCC_NO_COMMON_BLOCKS = YES;
				GCC_WARN_64_TO_32_BIT_CONVERSION = YES;
				GCC_WARN_ABOUT_RETURN_TYPE = YES_ERROR;
				GCC_WARN_UNDECLARED_SELECTOR = YES;
				GCC_WARN_UNINITIALIZED_AUTOS = YES_AGGRESSIVE;
				GCC_WARN_UNUSED_FUNCTION = YES;
				GCC_WARN_UNUSED_VARIABLE = YES;
				IPHONEOS_DEPLOYMENT_TARGET = 11.4;
				MTL_ENABLE_DEBUG_INFO = NO;
				SDKROOT = iphoneos;
				SWIFT_COMPILATION_MODE = wholemodule;
				SWIFT_OPTIMIZATION_LEVEL = "-O";
				VALIDATE_PRODUCT = YES;
			};
			name = Release;
		};
		AAD9F2CE213278DD000F2E6C /* Debug */ = {
			isa = XCBuildConfiguration;
			buildSettings = {
				ASSETCATALOG_COMPILER_APPICON_NAME = AppIcon;
				CODE_SIGN_STYLE = Automatic;
				DEVELOPMENT_TEAM = YSKWHS8KH9;
				INFOPLIST_FILE = WeiboDemo/Info.plist;
				LD_RUNPATH_SEARCH_PATHS = (
					"$(inherited)",
					"@executable_path/Frameworks",
				);
				PRODUCT_BUNDLE_IDENTIFIER = com.hjw.WeiboDemo;
				PRODUCT_NAME = "$(TARGET_NAME)";
				SWIFT_VERSION = 4.0;
				TARGETED_DEVICE_FAMILY = "1,2";
			};
			name = Debug;
		};
		AAD9F2CF213278DD000F2E6C /* Release */ = {
			isa = XCBuildConfiguration;
			buildSettings = {
				ASSETCATALOG_COMPILER_APPICON_NAME = AppIcon;
				CODE_SIGN_STYLE = Automatic;
				DEVELOPMENT_TEAM = YSKWHS8KH9;
				INFOPLIST_FILE = WeiboDemo/Info.plist;
				LD_RUNPATH_SEARCH_PATHS = (
					"$(inherited)",
					"@executable_path/Frameworks",
				);
				PRODUCT_BUNDLE_IDENTIFIER = com.hjw.WeiboDemo;
				PRODUCT_NAME = "$(TARGET_NAME)";
				SWIFT_VERSION = 4.0;
				TARGETED_DEVICE_FAMILY = "1,2";
			};
			name = Release;
		};
		AAD9F2D1213278DD000F2E6C /* Debug */ = {
			isa = XCBuildConfiguration;
			buildSettings = {
				ALWAYS_EMBED_SWIFT_STANDARD_LIBRARIES = YES;
				BUNDLE_LOADER = "$(TEST_HOST)";
				CODE_SIGN_STYLE = Automatic;
				DEVELOPMENT_TEAM = YSKWHS8KH9;
				INFOPLIST_FILE = WeiboDemoTests/Info.plist;
				LD_RUNPATH_SEARCH_PATHS = (
					"$(inherited)",
					"@executable_path/Frameworks",
					"@loader_path/Frameworks",
				);
				PRODUCT_BUNDLE_IDENTIFIER = com.hjw.WeiboDemoTests;
				PRODUCT_NAME = "$(TARGET_NAME)";
				SWIFT_VERSION = 4.0;
				TARGETED_DEVICE_FAMILY = "1,2";
				TEST_HOST = "$(BUILT_PRODUCTS_DIR)/WeiboDemo.app/WeiboDemo";
			};
			name = Debug;
		};
		AAD9F2D2213278DD000F2E6C /* Release */ = {
			isa = XCBuildConfiguration;
			buildSettings = {
				ALWAYS_EMBED_SWIFT_STANDARD_LIBRARIES = YES;
				BUNDLE_LOADER = "$(TEST_HOST)";
				CODE_SIGN_STYLE = Automatic;
				DEVELOPMENT_TEAM = YSKWHS8KH9;
				INFOPLIST_FILE = WeiboDemoTests/Info.plist;
				LD_RUNPATH_SEARCH_PATHS = (
					"$(inherited)",
					"@executable_path/Frameworks",
					"@loader_path/Frameworks",
				);
				PRODUCT_BUNDLE_IDENTIFIER = com.hjw.WeiboDemoTests;
				PRODUCT_NAME = "$(TARGET_NAME)";
				SWIFT_VERSION = 4.0;
				TARGETED_DEVICE_FAMILY = "1,2";
				TEST_HOST = "$(BUILT_PRODUCTS_DIR)/WeiboDemo.app/WeiboDemo";
			};
			name = Release;
		};
		AAD9F2D4213278DD000F2E6C /* Debug */ = {
			isa = XCBuildConfiguration;
			buildSettings = {
				ALWAYS_EMBED_SWIFT_STANDARD_LIBRARIES = YES;
				CODE_SIGN_STYLE = Automatic;
				DEVELOPMENT_TEAM = YSKWHS8KH9;
				INFOPLIST_FILE = WeiboDemoUITests/Info.plist;
				LD_RUNPATH_SEARCH_PATHS = (
					"$(inherited)",
					"@executable_path/Frameworks",
					"@loader_path/Frameworks",
				);
				PRODUCT_BUNDLE_IDENTIFIER = com.hjw.WeiboDemoUITests;
				PRODUCT_NAME = "$(TARGET_NAME)";
				SWIFT_VERSION = 4.0;
				TARGETED_DEVICE_FAMILY = "1,2";
				TEST_TARGET_NAME = WeiboDemo;
			};
			name = Debug;
		};
		AAD9F2D5213278DD000F2E6C /* Release */ = {
			isa = XCBuildConfiguration;
			buildSettings = {
				ALWAYS_EMBED_SWIFT_STANDARD_LIBRARIES = YES;
				CODE_SIGN_STYLE = Automatic;
				DEVELOPMENT_TEAM = YSKWHS8KH9;
				INFOPLIST_FILE = WeiboDemoUITests/Info.plist;
				LD_RUNPATH_SEARCH_PATHS = (
					"$(inherited)",
					"@executable_path/Frameworks",
					"@loader_path/Frameworks",
				);
				PRODUCT_BUNDLE_IDENTIFIER = com.hjw.WeiboDemoUITests;
				PRODUCT_NAME = "$(TARGET_NAME)";
				SWIFT_VERSION = 4.0;
				TARGETED_DEVICE_FAMILY = "1,2";
				TEST_TARGET_NAME = WeiboDemo;
			};
			name = Release;
		};
/* End XCBuildConfiguration section */

/* Begin XCConfigurationList section */
		AAD9F2A0213278D4000F2E6C /* Build configuration list for PBXProject "WeiboDemo" */ = {
			isa = XCConfigurationList;
			buildConfigurations = (
				AAD9F2CB213278DD000F2E6C /* Debug */,
				AAD9F2CC213278DD000F2E6C /* Release */,
			);
			defaultConfigurationIsVisible = 0;
			defaultConfigurationName = Release;
		};
		AAD9F2CD213278DD000F2E6C /* Build configuration list for PBXNativeTarget "WeiboDemo" */ = {
			isa = XCConfigurationList;
			buildConfigurations = (
				AAD9F2CE213278DD000F2E6C /* Debug */,
				AAD9F2CF213278DD000F2E6C /* Release */,
			);
			defaultConfigurationIsVisible = 0;
			defaultConfigurationName = Release;
		};
		AAD9F2D0213278DD000F2E6C /* Build configuration list for PBXNativeTarget "WeiboDemoTests" */ = {
			isa = XCConfigurationList;
			buildConfigurations = (
				AAD9F2D1213278DD000F2E6C /* Debug */,
				AAD9F2D2213278DD000F2E6C /* Release */,
			);
			defaultConfigurationIsVisible = 0;
			defaultConfigurationName = Release;
		};
		AAD9F2D3213278DD000F2E6C /* Build configuration list for PBXNativeTarget "WeiboDemoUITests" */ = {
			isa = XCConfigurationList;
			buildConfigurations = (
				AAD9F2D4213278DD000F2E6C /* Debug */,
				AAD9F2D5213278DD000F2E6C /* Release */,
			);
			defaultConfigurationIsVisible = 0;
			defaultConfigurationName = Release;
		};
/* End XCConfigurationList section */
	};
	rootObject = AAD9F29D213278D4000F2E6C /* Project object */;
}
